
Microsoft Visual Studio Solution File, Format Version 12.00
# Visual Studio Version 16
VisualStudioVersion = 16.0.30204.135
MinimumVisualStudioVersion = 10.0.40219.1
Project("{F184B08F-C81C-45F6-A57F-5ABD9991F28F}") = "GeneratorPW", "GeneratorPW.vbproj", "{03E3BBC3-2D49-439C-9551-25B34E2F2CCC}"
EndProject
Global
	GlobalSection(SolutionConfigurationPlatforms) = preSolution
		Debug|Any CPU = Debug|Any CPU
		Release|Any CPU = Release|Any CPU
	EndGlobalSection
	GlobalSection(ProjectConfigurationPlatforms) = postSolution
		{03E3BBC3-2D49-439C-9551-25B34E2F2CCC}.Debug|Any CPU.ActiveCfg = Debug|Any CPU
		{03E3BBC3-2D49-439C-9551-25B34E2F2CCC}.Debug|Any CPU.Build.0 = Debug|Any CPU
		{03E3BBC3-2D49-439C-9551-25B34E2F2CCC}.Release|Any CPU.ActiveCfg = Release|Any CPU
		{03E3BBC3-2D49-439C-9551-25B34E2F2CCC}.Release|Any CPU.Build.0 = Release|Any CPU
	EndGlobalSection
	GlobalSection(SolutionProperties) = preSolution
		HideSolutionNode = FALSE
	EndGlobalSection
	GlobalSection(ExtensibilityGlobals) = postSolution
		SolutionGuid = {C85816F5-D2C3-4915-92B0-1379CD619C29}
	EndGlobalSection
EndGlobal
